
Microsoft Visual Studio Solution File, Format Version 12.00
# Visual Studio Version 16
VisualStudioVersion = 16.0.30711.63
MinimumVisualStudioVersion = 10.0.40219.1
Project("{FAE04EC0-301F-11D3-BF4B-00C04F79EFBC}") = "CtmWebEmpty", "CtmWebEmpty.csproj", "{66E34719-7485-4E29-AD1A-E50471581C89}"
EndProject
Global
	GlobalSection(SolutionConfigurationPlatforms) = preSolution
		Debug|Any CPU = Debug|Any CPU
		Release|Any CPU = Release|Any CPU
	EndGlobalSection
	GlobalSection(ProjectConfigurationPlatforms) = postSolution
		{66E34719-7485-4E29-AD1A-E50471581C89}.Debug|Any CPU.ActiveCfg = Debug|Any CPU
		{66E34719-7485-4E29-AD1A-E50471581C89}.Debug|Any CPU.Build.0 = Debug|Any CPU
		{66E34719-7485-4E29-AD1A-E50471581C89}.Release|Any CPU.ActiveCfg = Release|Any CPU
		{66E34719-7485-4E29-AD1A-E50471581C89}.Release|Any CPU.Build.0 = Release|Any CPU
	EndGlobalSection
	GlobalSection(SolutionProperties) = preSolution
		HideSolutionNode = FALSE
	EndGlobalSection
	GlobalSection(ExtensibilityGlobals) = postSolution
		SolutionGuid = {FD9D722F-948B-439F-8B4C-0CAB45B8CA18}
	EndGlobalSection
EndGlobal
